
Microsoft Visual Studio Solution File, Format Version 12.00
# Visual Studio Version 17
VisualStudioVersion = 17.13.35931.197
MinimumVisualStudioVersion = 10.0.40219.1
Project("{FAE04EC0-301F-11D3-BF4B-00C04F79EFBC}") = "Reserva_de_Espacios_Biblioteca", "Reserva_de_Espacios_Biblioteca.csproj", "{47651F98-28A2-DD0B-4EE5-7788E291337B}"
EndProject
Project("{FAE04EC0-301F-11D3-BF4B-00C04F79EFBC}") = "CalendarNet", "..\..\..\Calendar-Net\Calendar-Net-master\CalendarNet\CalendarNet.csproj", "{F61E2C64-99E6-45A2-9919-427AA06B4486}"
EndProject
Global
	GlobalSection(SolutionConfigurationPlatforms) = preSolution
		Debug|Any CPU = Debug|Any CPU
		Release|Any CPU = Release|Any CPU
	EndGlobalSection
	GlobalSection(ProjectConfigurationPlatforms) = postSolution
		{47651F98-28A2-DD0B-4EE5-7788E291337B}.Debug|Any CPU.ActiveCfg = Debug|Any CPU
		{47651F98-28A2-DD0B-4EE5-7788E291337B}.Debug|Any CPU.Build.0 = Debug|Any CPU
		{47651F98-28A2-DD0B-4EE5-7788E291337B}.Release|Any CPU.ActiveCfg = Release|Any CPU
		{47651F98-28A2-DD0B-4EE5-7788E291337B}.Release|Any CPU.Build.0 = Release|Any CPU
		{F61E2C64-99E6-45A2-9919-427AA06B4486}.Debug|Any CPU.ActiveCfg = Debug|Any CPU
		{F61E2C64-99E6-45A2-9919-427AA06B4486}.Debug|Any CPU.Build.0 = Debug|Any CPU
		{F61E2C64-99E6-45A2-9919-427AA06B4486}.Release|Any CPU.ActiveCfg = Release|Any CPU
		{F61E2C64-99E6-45A2-9919-427AA06B4486}.Release|Any CPU.Build.0 = Release|Any CPU
	EndGlobalSection
	GlobalSection(SolutionProperties) = preSolution
		HideSolutionNode = FALSE
	EndGlobalSection
	GlobalSection(ExtensibilityGlobals) = postSolution
		SolutionGuid = {9BB6154B-EA02-44DB-8CC6-CE19780229EC}
	EndGlobalSection
EndGlobal
